
Microsoft Visual Studio Solution File, Format Version 12.00
# Visual Studio Version 16
VisualStudioVersion = 16.0.31105.61
MinimumVisualStudioVersion = 10.0.40219.1
Project("{F2A71F9B-5D33-465A-A702-920D77279786}") = "pregunta5", "pregunta5\pregunta5.fsproj", "{8814DCBB-33E0-4400-B13D-CA933D165470}"
EndProject
Global
	GlobalSection(SolutionConfigurationPlatforms) = preSolution
		Debug|Any CPU = Debug|Any CPU
		Release|Any CPU = Release|Any CPU
	EndGlobalSection
	GlobalSection(ProjectConfigurationPlatforms) = postSolution
		{8814DCBB-33E0-4400-B13D-CA933D165470}.Debug|Any CPU.ActiveCfg = Debug|Any CPU
		{8814DCBB-33E0-4400-B13D-CA933D165470}.Debug|Any CPU.Build.0 = Debug|Any CPU
		{8814DCBB-33E0-4400-B13D-CA933D165470}.Release|Any CPU.ActiveCfg = Release|Any CPU
		{8814DCBB-33E0-4400-B13D-CA933D165470}.Release|Any CPU.Build.0 = Release|Any CPU
	EndGlobalSection
	GlobalSection(SolutionProperties) = preSolution
		HideSolutionNode = FALSE
	EndGlobalSection
	GlobalSection(ExtensibilityGlobals) = postSolution
		SolutionGuid = {EE8B9E48-72D8-4964-94FB-A9BBF7C85031}
	EndGlobalSection
EndGlobal
